// !$*UTF8*$!
{
	archiveVersion = 1;
	classes = {
	};
	objectVersion = 50;
	objects = {

/* Begin PBXBuildFile section */
		1C7244A726B7FD5100A63775 /* SampleProjectCICDApp.swift in Sources */ = {isa = PBXBuildFile; fileRef = 1C7244A626B7FD5100A63775 /* SampleProjectCICDApp.swift */; };
		1C7244A926B7FD5100A63775 /* ContentView.swift in Sources */ = {isa = PBXBuildFile; fileRef = 1C7244A826B7FD5100A63775 /* ContentView.swift */; };
		1C7244AB26B7FD5800A63775 /* Assets.xcassets in Resources */ = {isa = PBXBuildFile; fileRef = 1C7244AA26B7FD5800A63775 /* Assets.xcassets */; };
		1C7244AE26B7FD5800A63775 /* Preview Assets.xcassets in Resources */ = {isa = PBXBuildFile; fileRef = 1C7244AD26B7FD5800A63775 /* Preview Assets.xcassets */; };
		1C7244B926B7FD5900A63775 /* SampleProjectCICDTests.swift in Sources */ = {isa = PBXBuildFile; fileRef = 1C7244B826B7FD5900A63775 /* SampleProjectCICDTests.swift */; };
		1CDA527626B983A200B424E2 /* SampleProjectCICDUITests.swift in Sources */ = {isa = PBXBuildFile; fileRef = 1C7244C326B7FD5900A63775 /* SampleProjectCICDUITests.swift */; };
/* End PBXBuildFile section */

/* Begin PBXContainerItemProxy section */
		1C7244B526B7FD5900A63775 /* PBXContainerItemProxy */ = {
			isa = PBXContainerItemProxy;
			containerPortal = 1C72449B26B7FD5000A63775 /* Project object */;
			proxyType = 1;
			remoteGlobalIDString = 1C7244A226B7FD5100A63775;
			remoteInfo = SampleProjectCICD;
		};
		1C7244C026B7FD5900A63775 /* PBXContainerItemProxy */ = {
			isa = PBXContainerItemProxy;
			containerPortal = 1C72449B26B7FD5000A63775 /* Project object */;
			proxyType = 1;
			remoteGlobalIDString = 1C7244A226B7FD5100A63775;
			remoteInfo = SampleProjectCICD;
		};
/* End PBXContainerItemProxy section */

/* Begin PBXFileReference section */
		1C7244A326B7FD5100A63775 /* SampleProjectCICD.app */ = {isa = PBXFileReference; explicitFileType = wrapper.application; includeInIndex = 0; path = SampleProjectCICD.app; sourceTree = BUILT_PRODUCTS_DIR; };
		1C7244A626B7FD5100A63775 /* SampleProjectCICDApp.swift */ = {isa = PBXFileReference; lastKnownFileType = sourcecode.swift; path = SampleProjectCICDApp.swift; sourceTree = "<group>"; };
		1C7244A826B7FD5100A63775 /* ContentView.swift */ = {isa = PBXFileReference; lastKnownFileType = sourcecode.swift; path = ContentView.swift; sourceTree = "<group>"; };
		1C7244AA26B7FD5800A63775 /* Assets.xcassets */ = {isa = PBXFileReference; lastKnownFileType = folder.assetcatalog; path = Assets.xcassets; sourceTree = "<group>"; };
		1C7244AD26B7FD5800A63775 /* Preview Assets.xcassets */ = {isa = PBXFileReference; lastKnownFileType = folder.assetcatalog; path = "Preview Assets.xcassets"; sourceTree = "<group>"; };
		1C7244AF26B7FD5800A63775 /* Info.plist */ = {isa = PBXFileReference; lastKnownFileType = text.plist.xml; path = Info.plist; sourceTree = "<group>"; };
		1C7244B426B7FD5900A63775 /* SampleProjectCICDTests.xctest */ = {isa = PBXFileReference; explicitFileType = wrapper.cfbundle; includeInIndex = 0; path = SampleProjectCICDTests.xctest; sourceTree = BUILT_PRODUCTS_DIR; };
		1C7244B826B7FD5900A63775 /* SampleProjectCICDTests.swift */ = {isa = PBXFileReference; lastKnownFileType = sourcecode.swift; path = SampleProjectCICDTests.swift; sourceTree = "<group>"; };
		1C7244BA26B7FD5900A63775 /* Info.plist */ = {isa = PBXFileReference; lastKnownFileType = text.plist.xml; path = Info.plist; sourceTree = "<group>"; };
		1C7244BF26B7FD5900A63775 /* SampleProjectCICDUITests.xctest */ = {isa = PBXFileReference; explicitFileType = wrapper.cfbundle; includeInIndex = 0; path = SampleProjectCICDUITests.xctest; sourceTree = BUILT_PRODUCTS_DIR; };
		1C7244C326B7FD5900A63775 /* SampleProjectCICDUITests.swift */ = {isa = PBXFileReference; lastKnownFileType = sourcecode.swift; path = SampleProjectCICDUITests.swift; sourceTree = "<group>"; };
		1C7244C526B7FD5900A63775 /* Info.plist */ = {isa = PBXFileReference; lastKnownFileType = text.plist.xml; path = Info.plist; sourceTree = "<group>"; };
		1CDA527226B9629A00B424E2 /* SampleProjectCICD.xctestplan */ = {isa = PBXFileReference; lastKnownFileType = text; name = SampleProjectCICD.xctestplan; path = SampleProjectCICD/SampleProjectCICD.xctestplan; sourceTree = SOURCE_ROOT; };
/* End PBXFileReference section */

/* Begin PBXFrameworksBuildPhase section */
		1C7244A026B7FD5100A63775 /* Frameworks */ = {
			isa = PBXFrameworksBuildPhase;
			buildActionMask = 2147483647;
			files = (
			);
			runOnlyForDeploymentPostprocessing = 0;
		};
		1C7244B126B7FD5900A63775 /* Frameworks */ = {
			isa = PBXFrameworksBuildPhase;
			buildActionMask = 2147483647;
			files = (
			);
			runOnlyForDeploymentPostprocessing = 0;
		};
		1C7244BC26B7FD5900A63775 /* Frameworks */ = {
			isa = PBXFrameworksBuildPhase;
			buildActionMask = 2147483647;
			files = (
			);
			runOnlyForDeploymentPostprocessing = 0;
		};
/* End PBXFrameworksBuildPhase section */

/* Begin PBXGroup section */
		1C72449A26B7FD5000A63775 = {
			isa = PBXGroup;
			children = (
				1C7244A526B7FD5100A63775 /* SampleProjectCICD */,
				1C7244B726B7FD5900A63775 /* SampleProjectCICDTests */,
				1C7244C226B7FD5900A63775 /* SampleProjectCICDUITests */,
				1C7244A426B7FD5100A63775 /* Products */,
			);
			sourceTree = "<group>";
		};
		1C7244A426B7FD5100A63775 /* Products */ = {
			isa = PBXGroup;
			children = (
				1C7244A326B7FD5100A63775 /* SampleProjectCICD.app */,
				1C7244B426B7FD5900A63775 /* SampleProjectCICDTests.xctest */,
				1C7244BF26B7FD5900A63775 /* SampleProjectCICDUITests.xctest */,
			);
			name = Products;
			sourceTree = "<group>";
		};
		1C7244A526B7FD5100A63775 /* SampleProjectCICD */ = {
			isa = PBXGroup;
			children = (
				1CDA527226B9629A00B424E2 /* SampleProjectCICD.xctestplan */,
				1C7244C326B7FD5900A63775 /* SampleProjectCICDUITests.swift */,
				1C7244A626B7FD5100A63775 /* SampleProjectCICDApp.swift */,
				1C7244A826B7FD5100A63775 /* ContentView.swift */,
				1C7244AA26B7FD5800A63775 /* Assets.xcassets */,
				1C7244AF26B7FD5800A63775 /* Info.plist */,
				1C7244AC26B7FD5800A63775 /* Preview Content */,
			);
			path = SampleProjectCICD;
			sourceTree = "<group>";
		};
		1C7244AC26B7FD5800A63775 /* Preview Content */ = {
			isa = PBXGroup;
			children = (
				1C7244AD26B7FD5800A63775 /* Preview Assets.xcassets */,
			);
			path = "Preview Content";
			sourceTree = "<group>";
		};
		1C7244B726B7FD5900A63775 /* SampleProjectCICDTests */ = {
			isa = PBXGroup;
			children = (
				1C7244B826B7FD5900A63775 /* SampleProjectCICDTests.swift */,
				1C7244BA26B7FD5900A63775 /* Info.plist */,
			);
			path = SampleProjectCICDTests;
			sourceTree = "<group>";
		};
		1C7244C226B7FD5900A63775 /* SampleProjectCICDUITests */ = {
			isa = PBXGroup;
			children = (
				1C7244C526B7FD5900A63775 /* Info.plist */,
			);
			path = SampleProjectCICDUITests;
			sourceTree = "<group>";
		};
/* End PBXGroup section */

/* Begin PBXNativeTarget section */
		1C7244A226B7FD5100A63775 /* SampleProjectCICD */ = {
			isa = PBXNativeTarget;
			buildConfigurationList = 1C7244C826B7FD5900A63775 /* Build configuration list for PBXNativeTarget "SampleProjectCICD" */;
			buildPhases = (
				1C72449F26B7FD5100A63775 /* Sources */,
				1C7244A026B7FD5100A63775 /* Frameworks */,
				1C7244A126B7FD5100A63775 /* Resources */,
			);
			buildRules = (
			);
			dependencies = (
			);
			name = SampleProjectCICD;
			productName = SampleProjectCICD;
			productReference = 1C7244A326B7FD5100A63775 /* SampleProjectCICD.app */;
			productType = "com.apple.product-type.application";
		};
		1C7244B326B7FD5900A63775 /* SampleProjectCICDTests */ = {
			isa = PBXNativeTarget;
			buildConfigurationList = 1C7244CB26B7FD5900A63775 /* Build configuration list for PBXNativeTarget "SampleProjectCICDTests" */;
			buildPhases = (
				1C7244B026B7FD5900A63775 /* Sources */,
				1C7244B126B7FD5900A63775 /* Frameworks */,
				1C7244B226B7FD5900A63775 /* Resources */,
			);
			buildRules = (
			);
			dependencies = (
				1C7244B626B7FD5900A63775 /* PBXTargetDependency */,
			);
			name = SampleProjectCICDTests;
			productName = SampleProjectCICDTests;
			productReference = 1C7244B426B7FD5900A63775 /* SampleProjectCICDTests.xctest */;
			productType = "com.apple.product-type.bundle.unit-test";
		};
		1C7244BE26B7FD5900A63775 /* SampleProjectCICDUITests */ = {
			isa = PBXNativeTarget;
			buildConfigurationList = 1C7244CE26B7FD5900A63775 /* Build configuration list for PBXNativeTarget "SampleProjectCICDUITests" */;
			buildPhases = (
				1C7244BB26B7FD5900A63775 /* Sources */,
				1C7244BC26B7FD5900A63775 /* Frameworks */,
				1C7244BD26B7FD5900A63775 /* Resources */,
			);
			buildRules = (
			);
			dependencies = (
				1C7244C126B7FD5900A63775 /* PBXTargetDependency */,
			);
			name = SampleProjectCICDUITests;
			productName = SampleProjectCICDUITests;
			productReference = 1C7244BF26B7FD5900A63775 /* SampleProjectCICDUITests.xctest */;
			productType = "com.apple.product-type.bundle.ui-testing";
		};
/* End PBXNativeTarget section */

/* Begin PBXProject section */
		1C72449B26B7FD5000A63775 /* Project object */ = {
			isa = PBXProject;
			attributes = {
				LastSwiftUpdateCheck = 1240;
				LastUpgradeCheck = 1240;
				TargetAttributes = {
					1C7244A226B7FD5100A63775 = {
						CreatedOnToolsVersion = 12.4;
					};
					1C7244B326B7FD5900A63775 = {
						CreatedOnToolsVersion = 12.4;
						TestTargetID = 1C7244A226B7FD5100A63775;
					};
					1C7244BE26B7FD5900A63775 = {
						CreatedOnToolsVersion = 12.4;
						TestTargetID = 1C7244A226B7FD5100A63775;
					};
				};
			};
			buildConfigurationList = 1C72449E26B7FD5100A63775 /* Build configuration list for PBXProject "SampleProjectCICD" */;
			compatibilityVersion = "Xcode 9.3";
			developmentRegion = en;
			hasScannedForEncodings = 0;
			knownRegions = (
				en,
				Base,
			);
			mainGroup = 1C72449A26B7FD5000A63775;
			productRefGroup = 1C7244A426B7FD5100A63775 /* Products */;
			projectDirPath = "";
			projectRoot = "";
			targets = (
				1C7244A226B7FD5100A63775 /* SampleProjectCICD */,
				1C7244B326B7FD5900A63775 /* SampleProjectCICDTests */,
				1C7244BE26B7FD5900A63775 /* SampleProjectCICDUITests */,
			);
		};
/* End PBXProject section */

/* Begin PBXResourcesBuildPhase section */
		1C7244A126B7FD5100A63775 /* Resources */ = {
			isa = PBXResourcesBuildPhase;
			buildActionMask = 2147483647;
			files = (
				1C7244AE26B7FD5800A63775 /* Preview Assets.xcassets in Resources */,
				1C7244AB26B7FD5800A63775 /* Assets.xcassets in Resources */,
			);
			runOnlyForDeploymentPostprocessing = 0;
		};
		1C7244B226B7FD5900A63775 /* Resources */ = {
			isa = PBXResourcesBuildPhase;
			buildActionMask = 2147483647;
			files = (
			);
			runOnlyForDeploymentPostprocessing = 0;
		};
		1C7244BD26B7FD5900A63775 /* Resources */ = {
			isa = PBXResourcesBuildPhase;
			buildActionMask = 2147483647;
			files = (
			);
			runOnlyForDeploymentPostprocessing = 0;
		};
/* End PBXResourcesBuildPhase section */

/* Begin PBXSourcesBuildPhase section */
		1C72449F26B7FD5100A63775 /* Sources */ = {
			isa = PBXSourcesBuildPhase;
			buildActionMask = 2147483647;
			files = (
				1C7244A926B7FD5100A63775 /* ContentView.swift in Sources */,
				1C7244A726B7FD5100A63775 /* SampleProjectCICDApp.swift in Sources */,
				1CDA527626B983A200B424E2 /* SampleProjectCICDUITests.swift in Sources */,
			);
			runOnlyForDeploymentPostprocessing = 0;
		};
		1C7244B026B7FD5900A63775 /* Sources */ = {
			isa = PBXSourcesBuildPhase;
			buildActionMask = 2147483647;
			files = (
				1C7244B926B7FD5900A63775 /* SampleProjectCICDTests.swift in Sources */,
			);
			runOnlyForDeploymentPostprocessing = 0;
		};
		1C7244BB26B7FD5900A63775 /* Sources */ = {
			isa = PBXSourcesBuildPhase;
			buildActionMask = 2147483647;
			files = (
			);
			runOnlyForDeploymentPostprocessing = 0;
		};
/* End PBXSourcesBuildPhase section */

/* Begin PBXTargetDependency section */
		1C7244B626B7FD5900A63775 /* PBXTargetDependency */ = {
			isa = PBXTargetDependency;
			target = 1C7244A226B7FD5100A63775 /* SampleProjectCICD */;
			targetProxy = 1C7244B526B7FD5900A63775 /* PBXContainerItemProxy */;
		};
		1C7244C126B7FD5900A63775 /* PBXTargetDependency */ = {
			isa = PBXTargetDependency;
			target = 1C7244A226B7FD5100A63775 /* SampleProjectCICD */;
			targetProxy = 1C7244C026B7FD5900A63775 /* PBXContainerItemProxy */;
		};
/* End PBXTargetDependency section */

/* Begin XCBuildConfiguration section */
		1C7244C626B7FD5900A63775 /* Debug */ = {
			isa = XCBuildConfiguration;
			buildSettings = {
				ALWAYS_SEARCH_USER_PATHS = NO;
				CLANG_ANALYZER_NONNULL = YES;
				CLANG_ANALYZER_NUMBER_OBJECT_CONVERSION = YES_AGGRESSIVE;
				CLANG_CXX_LANGUAGE_STANDARD = "gnu++14";
				CLANG_CXX_LIBRARY = "libc++";
				CLANG_ENABLE_MODULES = YES;
				CLANG_ENABLE_OBJC_ARC = YES;
				CLANG_ENABLE_OBJC_WEAK = YES;
				CLANG_WARN_BLOCK_CAPTURE_AUTORELEASING = YES;
				CLANG_WARN_BOOL_CONVERSION = YES;
				CLANG_WARN_COMMA = YES;
				CLANG_WARN_CONSTANT_CONVERSION = YES;
				CLANG_WARN_DEPRECATED_OBJC_IMPLEMENTATIONS = YES;
				CLANG_WARN_DIRECT_OBJC_ISA_USAGE = YES_ERROR;
				CLANG_WARN_DOCUMENTATION_COMMENTS = YES;
				CLANG_WARN_EMPTY_BODY = YES;
				CLANG_WARN_ENUM_CONVERSION = YES;
				CLANG_WARN_INFINITE_RECURSION = YES;
				CLANG_WARN_INT_CONVERSION = YES;
				CLANG_WARN_NON_LITERAL_NULL_CONVERSION = YES;
				CLANG_WARN_OBJC_IMPLICIT_RETAIN_SELF = YES;
				CLANG_WARN_OBJC_LITERAL_CONVERSION = YES;
				CLANG_WARN_OBJC_ROOT_CLASS = YES_ERROR;
				CLANG_WARN_QUOTED_INCLUDE_IN_FRAMEWORK_HEADER = YES;
				CLANG_WARN_RANGE_LOOP_ANALYSIS = YES;
				CLANG_WARN_STRICT_PROTOTYPES = YES;
				CLANG_WARN_SUSPICIOUS_MOVE = YES;
				CLANG_WARN_UNGUARDED_AVAILABILITY = YES_AGGRESSIVE;
				CLANG_WARN_UNREACHABLE_CODE = YES;
				CLANG_WARN__DUPLICATE_METHOD_MATCH = YES;
				COPY_PHASE_STRIP = NO;
				DEBUG_INFORMATION_FORMAT = dwarf;
				ENABLE_STRICT_OBJC_MSGSEND = YES;
				ENABLE_TESTABILITY = YES;
				GCC_C_LANGUAGE_STANDARD = gnu11;
				GCC_DYNAMIC_NO_PIC = NO;
				GCC_NO_COMMON_BLOCKS = YES;
				GCC_OPTIMIZATION_LEVEL = 0;
				GCC_PREPROCESSOR_DEFINITIONS = (
					"DEBUG=1",
					"$(inherited)",
				);
				GCC_WARN_64_TO_32_BIT_CONVERSION = YES;
				GCC_WARN_ABOUT_RETURN_TYPE = YES_ERROR;
				GCC_WARN_UNDECLARED_SELECTOR = YES;
				GCC_WARN_UNINITIALIZED_AUTOS = YES_AGGRESSIVE;
				GCC_WARN_UNUSED_FUNCTION = YES;
				GCC_WARN_UNUSED_VARIABLE = YES;
				IPHONEOS_DEPLOYMENT_TARGET = 14.4;
				MTL_ENABLE_DEBUG_INFO = INCLUDE_SOURCE;
				MTL_FAST_MATH = YES;
				ONLY_ACTIVE_ARCH = YES;
				SDKROOT = iphoneos;
				SWIFT_ACTIVE_COMPILATION_CONDITIONS = DEBUG;
				SWIFT_OPTIMIZATION_LEVEL = "-Onone";
			};
			name = Debug;
		};
		1C7244C726B7FD5900A63775 /* Release */ = {
			isa = XCBuildConfiguration;
			buildSettings = {
				ALWAYS_SEARCH_USER_PATHS = NO;
				CLANG_ANALYZER_NONNULL = YES;
				CLANG_ANALYZER_NUMBER_OBJECT_CONVERSION = YES_AGGRESSIVE;
				CLANG_CXX_LANGUAGE_STANDARD = "gnu++14";
				CLANG_CXX_LIBRARY = "libc++";
				CLANG_ENABLE_MODULES = YES;
				CLANG_ENABLE_OBJC_ARC = YES;
				CLANG_ENABLE_OBJC_WEAK = YES;
				CLANG_WARN_BLOCK_CAPTURE_AUTORELEASING = YES;
				CLANG_WARN_BOOL_CONVERSION = YES;
				CLANG_WARN_COMMA = YES;
				CLANG_WARN_CONSTANT_CONVERSION = YES;
				CLANG_WARN_DEPRECATED_OBJC_IMPLEMENTATIONS = YES;
				CLANG_WARN_DIRECT_OBJC_ISA_USAGE = YES_ERROR;
				CLANG_WARN_DOCUMENTATION_COMMENTS = YES;
				CLANG_WARN_EMPTY_BODY = YES;
				CLANG_WARN_ENUM_CONVERSION = YES;
				CLANG_WARN_INFINITE_RECURSION = YES;
				CLANG_WARN_INT_CONVERSION = YES;
				CLANG_WARN_NON_LITERAL_NULL_CONVERSION = YES;
				CLANG_WARN_OBJC_IMPLICIT_RETAIN_SELF = YES;
				CLANG_WARN_OBJC_LITERAL_CONVERSION = YES;
				CLANG_WARN_OBJC_ROOT_CLASS = YES_ERROR;
				CLANG_WARN_QUOTED_INCLUDE_IN_FRAMEWORK_HEADER = YES;
				CLANG_WARN_RANGE_LOOP_ANALYSIS = YES;
				CLANG_WARN_STRICT_PROTOTYPES = YES;
				CLANG_WARN_SUSPICIOUS_MOVE = YES;
				CLANG_WARN_UNGUARDED_AVAILABILITY = YES_AGGRESSIVE;
				CLANG_WARN_UNREACHABLE_CODE = YES;
				CLANG_WARN__DUPLICATE_METHOD_MATCH = YES;
				COPY_PHASE_STRIP = NO;
				DEBUG_INFORMATION_FORMAT = "dwarf-with-dsym";
				ENABLE_NS_ASSERTIONS = NO;
				ENABLE_STRICT_OBJC_MSGSEND = YES;
				GCC_C_LANGUAGE_STANDARD = gnu11;
				GCC_NO_COMMON_BLOCKS = YES;
				GCC_WARN_64_TO_32_BIT_CONVERSION = YES;
				GCC_WARN_ABOUT_RETURN_TYPE = YES_ERROR;
				GCC_WARN_UNDECLARED_SELECTOR = YES;
				GCC_WARN_UNINITIALIZED_AUTOS = YES_AGGRESSIVE;
				GCC_WARN_UNUSED_FUNCTION = YES;
				GCC_WARN_UNUSED_VARIABLE = YES;
				IPHONEOS_DEPLOYMENT_TARGET = 14.4;
				MTL_ENABLE_DEBUG_INFO = NO;
				MTL_FAST_MATH = YES;
				SDKROOT = iphoneos;
				SWIFT_COMPILATION_MODE = wholemodule;
				SWIFT_OPTIMIZATION_LEVEL = "-O";
				VALIDATE_PRODUCT = YES;
			};
			name = Release;
		};
		1C7244C926B7FD5900A63775 /* Debug */ = {
			isa = XCBuildConfiguration;
			buildSettings = {
				ASSETCATALOG_COMPILER_APPICON_NAME = AppIcon;
				ASSETCATALOG_COMPILER_GLOBAL_ACCENT_COLOR_NAME = AccentColor;
				CODE_SIGN_STYLE = Automatic;
				DEVELOPMENT_ASSET_PATHS = "\"SampleProjectCICD/Preview Content\"";
				DEVELOPMENT_TEAM = XYVPPUQW9V;
				ENABLE_PREVIEWS = YES;
				INFOPLIST_FILE = SampleProjectCICD/Info.plist;
				IPHONEOS_DEPLOYMENT_TARGET = 14.0;
				LD_RUNPATH_SEARCH_PATHS = (
					"$(inherited)",
					"@executable_path/Frameworks",
				);
				PRODUCT_BUNDLE_IDENTIFIER = Apna.SampleProjectCICD;
				PRODUCT_NAME = "$(TARGET_NAME)";
				SWIFT_VERSION = 5.0;
				TARGETED_DEVICE_FAMILY = "1,2";
			};
			name = Debug;
		};
		1C7244CA26B7FD5900A63775 /* Release */ = {
			isa = XCBuildConfiguration;
			buildSettings = {
				ASSETCATALOG_COMPILER_APPICON_NAME = AppIcon;
				ASSETCATALOG_COMPILER_GLOBAL_ACCENT_COLOR_NAME = AccentColor;
				CODE_SIGN_STYLE = Automatic;
				DEVELOPMENT_ASSET_PATHS = "\"SampleProjectCICD/Preview Content\"";
				DEVELOPMENT_TEAM = XYVPPUQW9V;
				ENABLE_PREVIEWS = YES;
				INFOPLIST_FILE = SampleProjectCICD/Info.plist;
				IPHONEOS_DEPLOYMENT_TARGET = 14.0;
				LD_RUNPATH_SEARCH_PATHS = (
					"$(inherited)",
					"@executable_path/Frameworks",
				);
				PRODUCT_BUNDLE_IDENTIFIER = Apna.SampleProjectCICD;
				PRODUCT_NAME = "$(TARGET_NAME)";
				SWIFT_VERSION = 5.0;
				TARGETED_DEVICE_FAMILY = "1,2";
			};
			name = Release;
		};
		1C7244CC26B7FD5900A63775 /* Debug */ = {
			isa = XCBuildConfiguration;
			buildSettings = {
				ALWAYS_EMBED_SWIFT_STANDARD_LIBRARIES = YES;
				BUNDLE_LOADER = "$(TEST_HOST)";
				CODE_SIGN_STYLE = Automatic;
				DEVELOPMENT_TEAM = XYVPPUQW9V;
				INFOPLIST_FILE = SampleProjectCICDTests/Info.plist;
				IPHONEOS_DEPLOYMENT_TARGET = 14.0;
				LD_RUNPATH_SEARCH_PATHS = (
					"$(inherited)",
					"@executable_path/Frameworks",
					"@loader_path/Frameworks",
				);
				PRODUCT_BUNDLE_IDENTIFIER = Apna.SampleProjectCICDTests;
				PRODUCT_NAME = "$(TARGET_NAME)";
				SWIFT_VERSION = 5.0;
				TARGETED_DEVICE_FAMILY = "1,2";
				TEST_HOST = "$(BUILT_PRODUCTS_DIR)/SampleProjectCICD.app/SampleProjectCICD";
			};
			name = Debug;
		};
		1C7244CD26B7FD5900A63775 /* Release */ = {
			isa = XCBuildConfiguration;
			buildSettings = {
				ALWAYS_EMBED_SWIFT_STANDARD_LIBRARIES = YES;
				BUNDLE_LOADER = "$(TEST_HOST)";
				CODE_SIGN_STYLE = Automatic;
				DEVELOPMENT_TEAM = XYVPPUQW9V;
				INFOPLIST_FILE = SampleProjectCICDTests/Info.plist;
				IPHONEOS_DEPLOYMENT_TARGET = 14.0;
				LD_RUNPATH_SEARCH_PATHS = (
					"$(inherited)",
					"@executable_path/Frameworks",
					"@loader_path/Frameworks",
				);
				PRODUCT_BUNDLE_IDENTIFIER = Apna.SampleProjectCICDTests;
				PRODUCT_NAME = "$(TARGET_NAME)";
				SWIFT_VERSION = 5.0;
				TARGETED_DEVICE_FAMILY = "1,2";
				TEST_HOST = "$(BUILT_PRODUCTS_DIR)/SampleProjectCICD.app/SampleProjectCICD";
			};
			name = Release;
		};
		1C7244CF26B7FD5900A63775 /* Debug */ = {
			isa = XCBuildConfiguration;
			buildSettings = {
				ALWAYS_EMBED_SWIFT_STANDARD_LIBRARIES = YES;
				CODE_SIGN_STYLE = Automatic;
				DEVELOPMENT_TEAM = XYVPPUQW9V;
				INFOPLIST_FILE = SampleProjectCICDUITests/Info.plist;
				LD_RUNPATH_SEARCH_PATHS = (
					"$(inherited)",
					"@executable_path/Frameworks",
					"@loader_path/Frameworks",
				);
				PRODUCT_BUNDLE_IDENTIFIER = Apna.SampleProjectCICDUITests;
				PRODUCT_NAME = "$(TARGET_NAME)";
				SWIFT_VERSION = 5.0;
				TARGETED_DEVICE_FAMILY = "1,2";
				TEST_TARGET_NAME = SampleProjectCICD;
			};
			name = Debug;
		};
		1C7244D026B7FD5900A63775 /* Release */ = {
			isa = XCBuildConfiguration;
			buildSettings = {
				ALWAYS_EMBED_SWIFT_STANDARD_LIBRARIES = YES;
				CODE_SIGN_STYLE = Automatic;
				DEVELOPMENT_TEAM = XYVPPUQW9V;
				INFOPLIST_FILE = SampleProjectCICDUITests/Info.plist;
				LD_RUNPATH_SEARCH_PATHS = (
					"$(inherited)",
					"@executable_path/Frameworks",
					"@loader_path/Frameworks",
				);
				PRODUCT_BUNDLE_IDENTIFIER = Apna.SampleProjectCICDUITests;
				PRODUCT_NAME = "$(TARGET_NAME)";
				SWIFT_VERSION = 5.0;
				TARGETED_DEVICE_FAMILY = "1,2";
				TEST_TARGET_NAME = SampleProjectCICD;
			};
			name = Release;
		};
/* End XCBuildConfiguration section */

/* Begin XCConfigurationList section */
		1C72449E26B7FD5100A63775 /* Build configuration list for PBXProject "SampleProjectCICD" */ = {
			isa = XCConfigurationList;
			buildConfigurations = (
				1C7244C626B7FD5900A63775 /* Debug */,
				1C7244C726B7FD5900A63775 /* Release */,
			);
			defaultConfigurationIsVisible = 0;
			defaultConfigurationName = Release;
		};
		1C7244C826B7FD5900A63775 /* Build configuration list for PBXNativeTarget "SampleProjectCICD" */ = {
			isa = XCConfigurationList;
			buildConfigurations = (
				1C7244C926B7FD5900A63775 /* Debug */,
				1C7244CA26B7FD5900A63775 /* Release */,
			);
			defaultConfigurationIsVisible = 0;
			defaultConfigurationName = Release;
		};
		1C7244CB26B7FD5900A63775 /* Build configuration list for PBXNativeTarget "SampleProjectCICDTests" */ = {
			isa = XCConfigurationList;
			buildConfigurations = (
				1C7244CC26B7FD5900A63775 /* Debug */,
				1C7244CD26B7FD5900A63775 /* Release */,
			);
			defaultConfigurationIsVisible = 0;
			defaultConfigurationName = Release;
		};
		1C7244CE26B7FD5900A63775 /* Build configuration list for PBXNativeTarget "SampleProjectCICDUITests" */ = {
			isa = XCConfigurationList;
			buildConfigurations = (
				1C7244CF26B7FD5900A63775 /* Debug */,
				1C7244D026B7FD5900A63775 /* Release */,
			);
			defaultConfigurationIsVisible = 0;
			defaultConfigurationName = Release;
		};
/* End XCConfigurationList section */
	};
	rootObject = 1C72449B26B7FD5000A63775 /* Project object */;
}
